
Microsoft Visual Studio Solution File, Format Version 12.00
Project("{FAE04EC0-301F-11D3-BF4B-00C04F79EFBC}") = "EReaderGyldendalDictionaryCreator", "src\EReaderGyldendalDictionaryCreator\EReaderGyldendalDictionaryCreator.csproj", "{78091AAF-705D-4B96-98A4-3B637348F280}"
EndProject
Global
	GlobalSection(SolutionConfigurationPlatforms) = preSolution
		Debug|Any CPU = Debug|Any CPU
		Release|Any CPU = Release|Any CPU
	EndGlobalSection
	GlobalSection(ProjectConfigurationPlatforms) = postSolution
		{78091AAF-705D-4B96-98A4-3B637348F280}.Debug|Any CPU.ActiveCfg = Debug|Any CPU
		{78091AAF-705D-4B96-98A4-3B637348F280}.Debug|Any CPU.Build.0 = Debug|Any CPU
		{78091AAF-705D-4B96-98A4-3B637348F280}.Release|Any CPU.ActiveCfg = Release|Any CPU
		{78091AAF-705D-4B96-98A4-3B637348F280}.Release|Any CPU.Build.0 = Release|Any CPU
	EndGlobalSection
EndGlobal
